
Microsoft Visual Studio Solution File, Format Version 12.00
# Visual Studio Version 16
VisualStudioVersion = 16.0.29609.76
MinimumVisualStudioVersion = 10.0.40219.1
Project("{FAE04EC0-301F-11D3-BF4B-00C04F79EFBC}") = "PrototypePattern", "PrototypePattern.csproj", "{D2247DCD-C793-45C7-A6F2-B2ED79599F07}"
EndProject
Global
	GlobalSection(SolutionConfigurationPlatforms) = preSolution
		Debug|Any CPU = Debug|Any CPU
		Release|Any CPU = Release|Any CPU
	EndGlobalSection
	GlobalSection(ProjectConfigurationPlatforms) = postSolution
		{D2247DCD-C793-45C7-A6F2-B2ED79599F07}.Debug|Any CPU.ActiveCfg = Debug|Any CPU
		{D2247DCD-C793-45C7-A6F2-B2ED79599F07}.Debug|Any CPU.Build.0 = Debug|Any CPU
		{D2247DCD-C793-45C7-A6F2-B2ED79599F07}.Release|Any CPU.ActiveCfg = Release|Any CPU
		{D2247DCD-C793-45C7-A6F2-B2ED79599F07}.Release|Any CPU.Build.0 = Release|Any CPU
	EndGlobalSection
	GlobalSection(SolutionProperties) = preSolution
		HideSolutionNode = FALSE
	EndGlobalSection
	GlobalSection(ExtensibilityGlobals) = postSolution
		SolutionGuid = {669A0ACF-33EE-4EF8-BE02-BB78D3458A31}
	EndGlobalSection
EndGlobal
